
Microsoft Visual Studio Solution File, Format Version 12.00
# Visual Studio Version 17
VisualStudioVersion = 17.0.31903.59
MinimumVisualStudioVersion = 10.0.40219.1
Project("{FAE04EC0-301F-11D3-BF4B-00C04F79EFBC}") = "API", "API\API.csproj", "{03C5D129-E752-45A4-8BFB-750E638F7125}"
EndProject
Project("{FAE04EC0-301F-11D3-BF4B-00C04F79EFBC}") = "Core", "Core\Core.csproj", "{B34BCD0C-560D-445E-9AFE-5EC5E09B8AF8}"
EndProject
Project("{FAE04EC0-301F-11D3-BF4B-00C04F79EFBC}") = "Infrastructure", "Infrastructure\Infrastructure.csproj", "{6926EA94-A22E-497B-A9E5-FF202D1F704E}"
EndProject
Global
	GlobalSection(SolutionConfigurationPlatforms) = preSolution
		Debug|Any CPU = Debug|Any CPU
		Release|Any CPU = Release|Any CPU
	EndGlobalSection
	GlobalSection(SolutionProperties) = preSolution
		HideSolutionNode = FALSE
	EndGlobalSection
	GlobalSection(ProjectConfigurationPlatforms) = postSolution
		{03C5D129-E752-45A4-8BFB-750E638F7125}.Debug|Any CPU.ActiveCfg = Debug|Any CPU
		{03C5D129-E752-45A4-8BFB-750E638F7125}.Debug|Any CPU.Build.0 = Debug|Any CPU
		{03C5D129-E752-45A4-8BFB-750E638F7125}.Release|Any CPU.ActiveCfg = Release|Any CPU
		{03C5D129-E752-45A4-8BFB-750E638F7125}.Release|Any CPU.Build.0 = Release|Any CPU
		{B34BCD0C-560D-445E-9AFE-5EC5E09B8AF8}.Debug|Any CPU.ActiveCfg = Debug|Any CPU
		{B34BCD0C-560D-445E-9AFE-5EC5E09B8AF8}.Debug|Any CPU.Build.0 = Debug|Any CPU
		{B34BCD0C-560D-445E-9AFE-5EC5E09B8AF8}.Release|Any CPU.ActiveCfg = Release|Any CPU
		{B34BCD0C-560D-445E-9AFE-5EC5E09B8AF8}.Release|Any CPU.Build.0 = Release|Any CPU
		{6926EA94-A22E-497B-A9E5-FF202D1F704E}.Debug|Any CPU.ActiveCfg = Debug|Any CPU
		{6926EA94-A22E-497B-A9E5-FF202D1F704E}.Debug|Any CPU.Build.0 = Debug|Any CPU
		{6926EA94-A22E-497B-A9E5-FF202D1F704E}.Release|Any CPU.ActiveCfg = Release|Any CPU
		{6926EA94-A22E-497B-A9E5-FF202D1F704E}.Release|Any CPU.Build.0 = Release|Any CPU
	EndGlobalSection
EndGlobal
